#MicroXplorer Configuration settings - do not modify
Mcu.Family=STM32L4
ProjectManager.MainLocation=Core/Src
PA15\ (JTDI).GPIOParameters=GPIO_Label
RCC.USART1Freq_Value=80000000
RCC.SAI1Freq_Value=9142857.142857144
USART2.IPParameters=VirtualMode-Asynchronous,BaudRate
RCC.CortexFreq_Value=80000000
Dma.ADC1.1.MemDataAlignment=DMA_MDATAALIGN_HALFWORD
ProjectManager.KeepUserCode=true
Mcu.UserName=STM32L432KCUx
NVIC.TIM6_DAC_IRQn=true\:1\:0\:true\:true\:true\:3\:true\:true
RCC.PLLCLKFreq_Value=32000000
RCC.PLLSAI1RoutputFreq_Value=32000000
Dma.TIM16_CH1/UP.0.Instance=DMA1_Channel3
PA0.GPIO_Label=MCO [High speed clock in]
ProjectManager.functionlistsort=1-MX_GPIO_Init-GPIO-false-HAL-true,2-MX_DMA_Init-DMA-false-HAL-true,3-SystemClock_Config-RCC-false-HAL-false,4-MX_TIM16_Init-TIM16-false-HAL-true,5-MX_USART2_UART_Init-USART2-false-HAL-true,6-MX_RNG_Init-RNG-false-HAL-true,7-MX_TIM7_Init-TIM7-false-HAL-true,8-MX_ADC1_Init-ADC1-false-HAL-true,9-MX_TIM2_Init-TIM2-false-HAL-true,10-MX_TIM6_Init-TIM6-false-HAL-true
PA13\ (JTMS-SWDIO).Locked=true
RCC.RTCFreq_Value=32000
PA6.GPIO_Label=Data_Out
RCC.USART2Freq_Value=80000000
PA15\ (JTDI).Signal=USART2_RX
RCC.48CLKFreq_Value=24000000
PA2.GPIOParameters=GPIO_Label
PinOutPanel.RotationAngle=0
RCC.MCO1PinFreq_Value=80000000
RCC.SYSCLKSource=RCC_SYSCLKSOURCE_PLLCLK
ProjectManager.StackSize=0x400
PB3\ (JTDO-TRACESWO).Signal=GPIO_Output
NVIC.DMA1_Channel3_IRQn=true\:0\:0\:false\:true\:true\:2\:false\:true
PA14\ (JTCK-SWCLK).Signal=SYS_JTCK-SWCLK
VP_TIM7_VS_ClockSourceINT.Mode=Enable_Timer
RCC.I2C3Freq_Value=80000000
RCC.LPTIM1Freq_Value=80000000
Mcu.IP4=RNG
RCC.FCLKCortexFreq_Value=80000000
Mcu.IP5=SYS
Mcu.IP2=NVIC
NVIC.SVCall_IRQn=true\:0\:0\:false\:false\:true\:false\:false
Mcu.IP3=RCC
Mcu.IP0=ADC1
PA15\ (JTDI).Mode=Asynchronous
Mcu.IP1=DMA
SH.S_TIM16_CH1.ConfNb=1
Mcu.UserConstants=
RCC.VCOSAI1OutputFreq_Value=64000000
PA14\ (JTCK-SWCLK).GPIOParameters=GPIO_Label
Dma.ADC1.1.Instance=DMA1_Channel1
Mcu.ThirdPartyNb=0
RCC.HCLKFreq_Value=80000000
Mcu.IPNb=11
TIM2.IPParameters=Period,Prescaler,AutoReloadPreload,TIM_MasterSlaveMode,TIM_MasterOutputTrigger
ProjectManager.PreviousToolchain=
RCC.APB2TimFreq_Value=80000000
Dma.ADC1.1.PeriphDataAlignment=DMA_PDATAALIGN_HALFWORD
Mcu.Pin6=PA13 (JTMS-SWDIO)
TIM7.Period=15999
Mcu.Pin7=PA14 (JTCK-SWCLK)
VP_TIM2_VS_ClockSourceINT.Signal=TIM2_VS_ClockSourceINT
Mcu.Pin8=PA15 (JTDI)
Mcu.Pin9=PB3 (JTDO-TRACESWO)
RCC.AHBFreq_Value=80000000
Mcu.Pin0=PC14-OSC32_IN (PC14)
Mcu.Pin1=PC15-OSC32_OUT (PC15)
GPIO.groupedBy=Group By Peripherals
Mcu.Pin2=PA0
Mcu.Pin3=PA1
RCC.USART3Freq_Value=16000000
Mcu.Pin4=PA2
Mcu.Pin5=PA6
ProjectManager.ProjectBuild=false
RCC.HSE_VALUE=8000000
NVIC.UsageFault_IRQn=true\:0\:0\:false\:false\:true\:false\:false
NVIC.DebugMonitor_IRQn=true\:0\:0\:false\:false\:true\:false\:false
PA0.Locked=true
Mcu.IP10=USART2
USART2.VirtualMode-Asynchronous=VM_ASYNC
NVIC.SysTick_IRQn=true\:0\:0\:true\:false\:true\:true\:true
RCC.PLLMUL=RCC_PLLMUL_4
ProjectManager.FirmwarePackage=STM32Cube FW_L4 V1.17.0
MxDb.Version=DB.6.0.21
PA6.GPIO_PuPd=GPIO_PULLDOWN
VP_TIM7_VS_ClockSourceINT.Signal=TIM7_VS_ClockSourceINT
ProjectManager.BackupPrevious=false
RCC.VCOInputFreq_Value=4000000
Dma.ADC1.1.RequestParameters=Instance,Direction,PeriphInc,MemInc,PeriphDataAlignment,MemDataAlignment,Mode,Priority
File.Version=6
Dma.ADC1.1.Priority=DMA_PRIORITY_LOW
Dma.ADC1.1.Mode=DMA_CIRCULAR
RCC.PLLRCLKFreq_Value=80000000
NVIC.PendSV_IRQn=true\:0\:0\:false\:false\:true\:false\:false
TIM6.Period=7999
SH.ADCx_IN6.ConfNb=1
Dma.RequestsNb=2
TIM7.TIM_MasterOutputTrigger=TIM_TRGO_UPDATE
ProjectManager.HalAssertFull=false
TIM16.Pulse=10
ProjectManager.ProjectName=l432kc-WS2812B
PA0.Signal=RCC_CK_IN
Dma.TIM16_CH1/UP.0.PeriphDataAlignment=DMA_PDATAALIGN_WORD
Dma.TIM16_CH1/UP.0.Priority=DMA_PRIORITY_MEDIUM
Mcu.Package=UFQFPN32
TIM2.Prescaler=1
PA6.Signal=S_TIM16_CH1
ADC1.OversamplingMode=DISABLE
Dma.ADC1.1.Direction=DMA_PERIPH_TO_MEMORY
ProjectManager.ToolChainLocation=
PA2.GPIO_Label=VCP_TX
RCC.LSI_VALUE=32000
VP_SYS_VS_Systick.Signal=SYS_VS_Systick
Dma.ADC1.1.MemInc=DMA_MINC_ENABLE
RCC.LSCOPinFreq_Value=32000
ADC1.OffsetNumber-1\#ChannelRegularConversion=ADC_OFFSET_NONE
TIM7.AutoReloadPreload=TIM_AUTORELOAD_PRELOAD_ENABLE
PC14-OSC32_IN\ (PC14).Locked=true
TIM2.TIM_MasterOutputTrigger=TIM_TRGO_UPDATE
RCC.PLLPoutputFreq_Value=22857142.85714286
TIM16.AutoReloadPreload=TIM_AUTORELOAD_PRELOAD_ENABLE
Dma.Request1=ADC1
RCC.APB1TimFreq_Value=80000000
NVIC.BusFault_IRQn=true\:0\:0\:false\:false\:true\:false\:false
RCC.LPUART1Freq_Value=80000000
PA6.GPIO_Speed=GPIO_SPEED_FREQ_MEDIUM
PA13\ (JTMS-SWDIO).Signal=SYS_JTMS-SWDIO
Dma.TIM16_CH1/UP.0.Direction=DMA_MEMORY_TO_PERIPH
Dma.Request0=TIM16_CH1/UP
PA13\ (JTMS-SWDIO).GPIOParameters=GPIO_Label
NVIC.TIM7_IRQn=true\:1\:0\:true\:true\:true\:4\:true\:true
ProjectManager.CustomerFirmwarePackage=
RCC.HSI48_VALUE=48000000
RCC.LPTIMFreq_Value=32000000
PB3\ (JTDO-TRACESWO).Locked=true
RCC.PLLSAI1N=16
RCC.TIMFreq_Value=32000000
PA2.Locked=true
PA6.GPIOParameters=GPIO_Speed,GPIO_PuPd,GPIO_Label
RCC.MSI_VALUE=4000000
PA14\ (JTCK-SWCLK).Mode=Serial_Wire
RCC.PLLQoutputFreq_Value=80000000
ProjectManager.ProjectFileName=l432kc-WS2812B.ioc
Dma.TIM16_CH1/UP.0.MemDataAlignment=DMA_MDATAALIGN_BYTE
Mcu.PinsNb=16
ProjectManager.NoMain=false
SH.ADCx_IN6.0=ADC1_IN6,IN6-Single-Ended
ADC1.IPParameters=Rank-1\#ChannelRegularConversion,Channel-1\#ChannelRegularConversion,SamplingTime-1\#ChannelRegularConversion,OffsetNumber-1\#ChannelRegularConversion,NbrOfConversionFlag,DMAContinuousRequests,ClockPrescaler,NbrOfConversion,ExternalTrigConv,master,OversamplingMode
RCC.LPUARTFreq_Value=32000000
RCC.SWPMI1Freq_Value=80000000
TIM6.Prescaler=9
VP_TIM6_VS_ClockSourceINT.Mode=Enable_Timer
ProjectManager.DefaultFWLocation=true
SH.S_TIM16_CH1.0=TIM16_CH1,PWM Generation1 CH1
VP_TIM16_VS_ClockSourceINT.Mode=Enable_Timer
PC15-OSC32_OUT\ (PC15).Signal=RCC_OSC32_OUT
PA14\ (JTCK-SWCLK).GPIO_Label=SWCLK
PB3\ (JTDO-TRACESWO).GPIO_Label=LD3 [Green]
ProjectManager.DeletePrevious=true
VP_RNG_VS_RNG.Mode=RNG_Activate
RCC.TimerFreq_Value=32000000
boardIOC=true
TIM16.Channel=TIM_CHANNEL_1
USART2.BaudRate=230400
RCC.FamilyName=M
RCC.WatchDogFreq_Value=32000
VP_TIM6_VS_ClockSourceINT.Signal=TIM6_VS_ClockSourceINT
RCC.HSI16_VALUE=16000000
TIM6.AutoReloadPreload=TIM_AUTORELOAD_PRELOAD_ENABLE
TIM6.IPParameters=Period,Prescaler,AutoReloadPreload
ProjectManager.TargetToolchain=STM32CubeIDE
VP_RNG_VS_RNG.Signal=RNG_VS_RNG
ADC1.Channel-1\#ChannelRegularConversion=ADC_CHANNEL_6
ProjectManager.RegisterCallBack=
PC15-OSC32_OUT\ (PC15).Locked=true
RCC.USBFreq_Value=32000000
RCC.LSE_VALUE=32768
PA1.Signal=ADCx_IN6
RCC.PLLSAI1PoutputFreq_Value=9142857.142857144
RCC.MCOPinFreq_Value=32000000
TIM7.Prescaler=39999
board=NUCLEO-L432KC
RCC.VCOOutputFreq_Value=160000000
ProjectManager.LastFirmware=true
TIM16.Period=90
RCC.APB2Freq_Value=80000000
TIM7.IPParameters=Period,Prescaler,AutoReloadPreload,TIM_MasterOutputTrigger
MxCube.Version=6.2.1
PB3\ (JTDO-TRACESWO).GPIOParameters=GPIO_Label
PA13\ (JTMS-SWDIO).GPIO_Label=SWDIO
VP_TIM2_VS_ClockSourceINT.Mode=Internal
RCC.I2C1Freq_Value=80000000
Dma.TIM16_CH1/UP.0.Mode=DMA_NORMAL
RCC.LCDFreq_Value=37000
RCC.RNGFreq_Value=32000000
RCC.PLLSAI1QoutputFreq_Value=32000000
RCC.ADCFreq_Value=32000000
VP_SYS_VS_Systick.Mode=SysTick
VP_TIM16_VS_ClockSourceINT.Signal=TIM16_VS_ClockSourceINT
NVIC.NonMaskableInt_IRQn=true\:0\:0\:false\:false\:true\:false\:false
Dma.ADC1.1.PeriphInc=DMA_PINC_DISABLE
ADC1.DMAContinuousRequests=ENABLE
TIM2.Period=1999
Dma.TIM16_CH1/UP.0.RequestParameters=Instance,Direction,PeriphInc,MemInc,PeriphDataAlignment,MemDataAlignment,Mode,Priority
ADC1.NbrOfConversion=1
ProjectManager.FreePins=false
PA15\ (JTDI).GPIO_Label=VCP_RX
RCC.IPParameters=48CLKFreq_Value,ADCFreq_Value,AHBFreq_Value,APB1Freq_Value,APB1TimFreq_Value,APB2Freq_Value,APB2TimFreq_Value,CortexFreq_Value,FCLKCortexFreq_Value,FamilyName,HCLKFreq_Value,HSE_VALUE,HSI16_VALUE,HSI48_VALUE,HSI_VALUE,I2C1Freq_Value,I2C2Freq_Value,I2C3Freq_Value,LCDFreq_Value,LPTIM1Freq_Value,LPTIM2Freq_Value,LPTIMFreq_Value,LPUART1Freq_Value,LPUARTFreq_Value,LSCOPinFreq_Value,LSE_VALUE,LSI_VALUE,MCO1PinFreq_Value,MCOPinFreq_Value,MSI_VALUE,PLLCLKFreq_Value,PLLMUL,PLLN,PLLPoutputFreq_Value,PLLQoutputFreq_Value,PLLRCLKFreq_Value,PLLSAI1N,PLLSAI1PoutputFreq_Value,PLLSAI1QoutputFreq_Value,PLLSAI1RoutputFreq_Value,PWRFreq_Value,RNGFreq_Value,RTCFreq_Value,RTCHSEDivFreq_Value,SAI1Freq_Value,SWPMI1Freq_Value,SYSCLKFreq_VALUE,SYSCLKSource,TIMFreq_Value,TimerFreq_Value,USART1Freq_Value,USART2Freq_Value,USART3Freq_Value,USBFreq_Value,VCOInputFreq_Value,VCOOutputFreq_Value,VCOSAI1OutputFreq_Value,WatchDogFreq_Value
ProjectManager.AskForMigrate=true
Mcu.Name=STM32L432K(B-C)Ux
RCC.LPTIM2Freq_Value=80000000
RCC.RTCHSEDivFreq_Value=4000000
PA2.Signal=USART2_TX
ProjectManager.UnderRoot=true
Mcu.IP8=TIM7
ADC1.ExternalTrigConv=ADC_EXTERNALTRIG_T2_TRGO
Mcu.IP9=TIM16
Mcu.IP6=TIM2
Mcu.IP7=TIM6
ProjectManager.CoupleFile=false
PA13\ (JTMS-SWDIO).Mode=Serial_Wire
ADC1.SamplingTime-1\#ChannelRegularConversion=ADC_SAMPLETIME_92CYCLES_5
RCC.SYSCLKFreq_VALUE=80000000
ADC1.master=1
PA14\ (JTCK-SWCLK).Locked=true
NVIC.ForceEnableDMAVector=true
KeepUserPlacement=false
PC14-OSC32_IN\ (PC14).Signal=RCC_OSC32_IN
NVIC.MemoryManagement_IRQn=true\:0\:0\:false\:false\:true\:false\:false
ProjectManager.CompilerOptimize=6
ADC1.Rank-1\#ChannelRegularConversion=1
Dma.TIM16_CH1/UP.0.MemInc=DMA_MINC_ENABLE
ProjectManager.HeapSize=0x200
Mcu.Pin15=VP_TIM16_VS_ClockSourceINT
PA0.GPIOParameters=GPIO_Label
NVIC.HardFault_IRQn=true\:0\:0\:false\:false\:true\:false\:false
Mcu.Pin13=VP_TIM6_VS_ClockSourceINT
Mcu.Pin14=VP_TIM7_VS_ClockSourceINT
ProjectManager.ComputerToolchain=false
RCC.HSI_VALUE=16000000
NVIC.PriorityGroup=NVIC_PRIORITYGROUP_4
ADC1.NbrOfConversionFlag=1
Mcu.Pin11=VP_SYS_VS_Systick
Mcu.Pin12=VP_TIM2_VS_ClockSourceINT
RCC.PLLN=40
Mcu.Pin10=VP_RNG_VS_RNG
TIM2.TIM_MasterSlaveMode=TIM_MASTERSLAVEMODE_ENABLE
PA2.Mode=Asynchronous
TIM2.AutoReloadPreload=TIM_AUTORELOAD_PRELOAD_ENABLE
RCC.PWRFreq_Value=80000000
TIM16.IPParameters=Channel,Period,AutoReloadPreload,Pulse
NVIC.DMA1_Channel1_IRQn=true\:0\:0\:false\:true\:true\:1\:false\:true
PA15\ (JTDI).Locked=true
RCC.I2C2Freq_Value=16000000
RCC.APB1Freq_Value=80000000
ADC1.ClockPrescaler=ADC_CLOCK_SYNC_PCLK_DIV1
ProjectManager.DeviceId=STM32L432KCUx
ProjectManager.LibraryCopy=2
Dma.TIM16_CH1/UP.0.PeriphInc=DMA_PINC_DISABLE
isbadioc=false
